
Microsoft Visual Studio Solution File, Format Version 12.00
# Visual Studio Version 17
VisualStudioVersion = 17.2.32616.157
MinimumVisualStudioVersion = 10.0.40219.1
Project("{FAE04EC0-301F-11D3-BF4B-00C04F79EFBC}") = "Day9AddressBookUC3", "Day9AddressBookUC3\Day9AddressBookUC3.csproj", "{2692FC3C-0BEF-4205-AAA8-A64CF9ED86A8}"
EndProject
Global
	GlobalSection(SolutionConfigurationPlatforms) = preSolution
		Debug|Any CPU = Debug|Any CPU
		Release|Any CPU = Release|Any CPU
	EndGlobalSection
	GlobalSection(ProjectConfigurationPlatforms) = postSolution
		{2692FC3C-0BEF-4205-AAA8-A64CF9ED86A8}.Debug|Any CPU.ActiveCfg = Debug|Any CPU
		{2692FC3C-0BEF-4205-AAA8-A64CF9ED86A8}.Debug|Any CPU.Build.0 = Debug|Any CPU
		{2692FC3C-0BEF-4205-AAA8-A64CF9ED86A8}.Release|Any CPU.ActiveCfg = Release|Any CPU
		{2692FC3C-0BEF-4205-AAA8-A64CF9ED86A8}.Release|Any CPU.Build.0 = Release|Any CPU
	EndGlobalSection
	GlobalSection(SolutionProperties) = preSolution
		HideSolutionNode = FALSE
	EndGlobalSection
	GlobalSection(ExtensibilityGlobals) = postSolution
		SolutionGuid = {51E584AE-1C40-4E29-B500-7ABE19A02C38}
	EndGlobalSection
EndGlobal
