
Microsoft Visual Studio Solution File, Format Version 12.00
# Visual Studio Version 17
VisualStudioVersion = 17.2.32616.157
MinimumVisualStudioVersion = 10.0.40219.1
Project("{9A19103F-16F7-4668-BE54-9A1E7A4F7556}") = "Day9AddressBookUc1", "Day9AddressBook\Day9AddressBookUc1.csproj", "{0975432F-EE8C-403D-8A49-8EAD80B16191}"
EndProject
Global
	GlobalSection(SolutionConfigurationPlatforms) = preSolution
		Debug|Any CPU = Debug|Any CPU
		Release|Any CPU = Release|Any CPU
	EndGlobalSection
	GlobalSection(ProjectConfigurationPlatforms) = postSolution
		{0975432F-EE8C-403D-8A49-8EAD80B16191}.Debug|Any CPU.ActiveCfg = Debug|Any CPU
		{0975432F-EE8C-403D-8A49-8EAD80B16191}.Debug|Any CPU.Build.0 = Debug|Any CPU
		{0975432F-EE8C-403D-8A49-8EAD80B16191}.Release|Any CPU.ActiveCfg = Release|Any CPU
		{0975432F-EE8C-403D-8A49-8EAD80B16191}.Release|Any CPU.Build.0 = Release|Any CPU
	EndGlobalSection
	GlobalSection(SolutionProperties) = preSolution
		HideSolutionNode = FALSE
	EndGlobalSection
	GlobalSection(ExtensibilityGlobals) = postSolution
		SolutionGuid = {69914637-481F-456A-9C06-5C075539100A}
	EndGlobalSection
EndGlobal
